Microsoft Visual Studio Solution File, Format Version 12.00
# Visual Studio 2012
Project("{FAE04EC0-301F-11D3-BF4B-00C04F79EFBC}") = "Semih_Test", "Semih_Test.csproj", "{2BFCA357-1109-40C1-84C2-8C402CA78957}"
EndProject
Global
	GlobalSection(SolutionConfigurationPlatforms) = preSolution
	Debug|Any CPU = Debug|Any CPU
	ExportDebug|Any CPU = ExportDebug|Any CPU
	ExportRelease|Any CPU = ExportRelease|Any CPU
	EndGlobalSection
	GlobalSection(ProjectConfigurationPlatforms) = postSolution
		{2BFCA357-1109-40C1-84C2-8C402CA78957}.Debug|Any CPU.ActiveCfg = Debug|Any CPU
		{2BFCA357-1109-40C1-84C2-8C402CA78957}.Debug|Any CPU.Build.0 = Debug|Any CPU
		{2BFCA357-1109-40C1-84C2-8C402CA78957}.ExportDebug|Any CPU.ActiveCfg = ExportDebug|Any CPU
		{2BFCA357-1109-40C1-84C2-8C402CA78957}.ExportDebug|Any CPU.Build.0 = ExportDebug|Any CPU
		{2BFCA357-1109-40C1-84C2-8C402CA78957}.ExportRelease|Any CPU.ActiveCfg = ExportRelease|Any CPU
		{2BFCA357-1109-40C1-84C2-8C402CA78957}.ExportRelease|Any CPU.Build.0 = ExportRelease|Any CPU
	EndGlobalSection
EndGlobal
